// !$*UTF8*$!
{
	archiveVersion = 1;
	classes = {
	};
	objectVersion = 46;
	objects = {

/* Begin PBXBuildFile section */
		D03CDA4A1AD98A3600F25929 /* Bolts.framework in Frameworks */ = {isa = PBXBuildFile; fileRef = D03CDA451AD98A3600F25929 /* Bolts.framework */; };
		D03CDA4B1AD98A3600F25929 /* Parse.framework in Frameworks */ = {isa = PBXBuildFile; fileRef = D03CDA461AD98A3600F25929 /* Parse.framework */; };
		D03CDA4C1AD98A3600F25929 /* ParseCrashReporting.framework in Frameworks */ = {isa = PBXBuildFile; fileRef = D03CDA471AD98A3600F25929 /* ParseCrashReporting.framework */; };
		D03CDA4D1AD98A3600F25929 /* ParseFacebookUtils.framework in Frameworks */ = {isa = PBXBuildFile; fileRef = D03CDA481AD98A3600F25929 /* ParseFacebookUtils.framework */; };
		D03CDA4E1AD98A3600F25929 /* ParseUI.framework in Frameworks */ = {isa = PBXBuildFile; fileRef = D03CDA491AD98A3600F25929 /* ParseUI.framework */; };
		D04EB0771AD2563000E57B02 /* AudioToolbox.framework in Frameworks */ = {isa = PBXBuildFile; fileRef = D04EB0761AD2563000E57B02 /* AudioToolbox.framework */; };
		D04EB0791AD2563600E57B02 /* CFNetwork.framework in Frameworks */ = {isa = PBXBuildFile; fileRef = D04EB0781AD2563600E57B02 /* CFNetwork.framework */; };
		D04EB07B1AD2563E00E57B02 /* CoreGraphics.framework in Frameworks */ = {isa = PBXBuildFile; fileRef = D04EB07A1AD2563E00E57B02 /* CoreGraphics.framework */; };
		D04EB07D1AD2564400E57B02 /* CoreLocation.framework in Frameworks */ = {isa = PBXBuildFile; fileRef = D04EB07C1AD2564400E57B02 /* CoreLocation.framework */; };
		D04EB07F1AD2564D00E57B02 /* MobileCoreServices.framework in Frameworks */ = {isa = PBXBuildFile; fileRef = D04EB07E1AD2564D00E57B02 /* MobileCoreServices.framework */; };
		D04EB0811AD2565300E57B02 /* QuartzCore.framework in Frameworks */ = {isa = PBXBuildFile; fileRef = D04EB0801AD2565300E57B02 /* QuartzCore.framework */; };
		D04EB0831AD2565A00E57B02 /* Security.framework in Frameworks */ = {isa = PBXBuildFile; fileRef = D04EB0821AD2565A00E57B02 /* Security.framework */; };
		D04EB0851AD2566000E57B02 /* StoreKit.framework in Frameworks */ = {isa = PBXBuildFile; fileRef = D04EB0841AD2566000E57B02 /* StoreKit.framework */; };
		D04EB0871AD2566600E57B02 /* SystemConfiguration.framework in Frameworks */ = {isa = PBXBuildFile; fileRef = D04EB0861AD2566600E57B02 /* SystemConfiguration.framework */; };
		D04EB08D1AD259EB00E57B02 /* Settings-50.png in Resources */ = {isa = PBXBuildFile; fileRef = D04EB08C1AD259EB00E57B02 /* Settings-50.png */; };
		D04EB08F1AD26E4E00E57B02 /* AVFoundation.framework in Frameworks */ = {isa = PBXBuildFile; fileRef = D04EB08E1AD26E4E00E57B02 /* AVFoundation.framework */; };
		D04EB0911AD26E5500E57B02 /* AVKit.framework in Frameworks */ = {isa = PBXBuildFile; fileRef = D04EB0901AD26E5500E57B02 /* AVKit.framework */; };
		D04EB0931AD26EB000E57B02 /* MediaPlayer.framework in Frameworks */ = {isa = PBXBuildFile; fileRef = D04EB0921AD26EB000E57B02 /* MediaPlayer.framework */; };
		D04EB0961AD3430800E57B02 /* SettingsViewController.m in Sources */ = {isa = PBXBuildFile; fileRef = D04EB0951AD3430800E57B02 /* SettingsViewController.m */; };
		D060213A1B39211400C383EF /* libz.dylib in Frameworks */ = {isa = PBXBuildFile; fileRef = D06021391B39211400C383EF /* libz.dylib */; };
		D060213C1B39211800C383EF /* libsqlite3.dylib in Frameworks */ = {isa = PBXBuildFile; fileRef = D060213B1B39211800C383EF /* libsqlite3.dylib */; };
		D06021471B39250000C383EF /* InterfaceController.m in Sources */ = {isa = PBXBuildFile; fileRef = D06021461B39250000C383EF /* InterfaceController.m */; };
		D06021491B39250000C383EF /* Images.xcassets in Resources */ = {isa = PBXBuildFile; fileRef = D06021481B39250000C383EF /* Images.xcassets */; };
		D060214D1B39250000C383EF /* Remind Me Why WatchKit App.app in Resources */ = {isa = PBXBuildFile; fileRef = D060214C1B39250000C383EF /* Remind Me Why WatchKit App.app */; };
		D06021551B39250000C383EF /* Interface.storyboard in Resources */ = {isa = PBXBuildFile; fileRef = D06021531B39250000C383EF /* Interface.storyboard */; };
		D06021571B39250000C383EF /* Images.xcassets in Resources */ = {isa = PBXBuildFile; fileRef = D06021561B39250000C383EF /* Images.xcassets */; };
		D060215A1B39250000C383EF /* Remind Me Why WatchKit Extension.appex in Embed App Extensions */ = {isa = PBXBuildFile; fileRef = D06021411B39250000C383EF /* Remind Me Why WatchKit Extension.appex */; settings = {ATTRIBUTES = (RemoveHeadersOnCopy, ); }; };
		D06021631B39259D00C383EF /* American Captain.otf in Resources */ = {isa = PBXBuildFile; fileRef = D06021621B39259D00C383EF /* American Captain.otf */; };
		D06021641B39259D00C383EF /* American Captain.otf in Resources */ = {isa = PBXBuildFile; fileRef = D06021621B39259D00C383EF /* American Captain.otf */; };
		D06021651B39259D00C383EF /* American Captain.otf in Resources */ = {isa = PBXBuildFile; fileRef = D06021621B39259D00C383EF /* American Captain.otf */; };
		D06021661B39259D00C383EF /* American Captain.otf in Resources */ = {isa = PBXBuildFile; fileRef = D06021621B39259D00C383EF /* American Captain.otf */; };
		D0A689B31AD209E10017F0A7 /* main.m in Sources */ = {isa = PBXBuildFile; fileRef = D0A689B21AD209E10017F0A7 /* main.m */; };
		D0A689B61AD209E10017F0A7 /* AppDelegate.m in Sources */ = {isa = PBXBuildFile; fileRef = D0A689B51AD209E10017F0A7 /* AppDelegate.m */; };
		D0A689B91AD209E10017F0A7 /* ViewController.m in Sources */ = {isa = PBXBuildFile; fileRef = D0A689B81AD209E10017F0A7 /* ViewController.m */; };
		D0A689BC1AD209E10017F0A7 /* Main.storyboard in Resources */ = {isa = PBXBuildFile; fileRef = D0A689BA1AD209E10017F0A7 /* Main.storyboard */; };
		D0A689BE1AD209E10017F0A7 /* Images.xcassets in Resources */ = {isa = PBXBuildFile; fileRef = D0A689BD1AD209E10017F0A7 /* Images.xcassets */; };
		D0A689C11AD209E10017F0A7 /* LaunchScreen.xib in Resources */ = {isa = PBXBuildFile; fileRef = D0A689BF1AD209E10017F0A7 /* LaunchScreen.xib */; };
		D0A689CD1AD209E10017F0A7 /* Remind_Me_WhyTests.m in Sources */ = {isa = PBXBuildFile; fileRef = D0A689CC1AD209E10017F0A7 /* Remind_Me_WhyTests.m */; };
		D0A689D81AD21CE00017F0A7 /* ThisIsWhyViewController.m in Sources */ = {isa = PBXBuildFile; fileRef = D0A689D71AD21CE00017F0A7 /* ThisIsWhyViewController.m */; };
		D0A689DB1AD23CFF0017F0A7 /* PushNoAnimationSegue.m in Sources */ = {isa = PBXBuildFile; fileRef = D0A689DA1AD23CFF0017F0A7 /* PushNoAnimationSegue.m */; };
		D0A689DE1AD24AC10017F0A7 /* SetReminderViewController.m in Sources */ = {isa = PBXBuildFile; fileRef = D0A689DD1AD24AC10017F0A7 /* SetReminderViewController.m */; };
		D0A689E11AD24E640017F0A7 /* LoginViewController.m in Sources */ = {isa = PBXBuildFile; fileRef = D0A689E01AD24E640017F0A7 /* LoginViewController.m */; };
		D0A689F31AD24EDD0017F0A7 /* OutlineButton.png in Resources */ = {isa = PBXBuildFile; fileRef = D0A689E31AD24EDD0017F0A7 /* OutlineButton.png */; };
		D0A689F41AD24EDD0017F0A7 /* camera-96.png in Resources */ = {isa = PBXBuildFile; fileRef = D0A689E41AD24EDD0017F0A7 /* camera-96.png */; };
		D0A689F51AD24EDD0017F0A7 /* camera-50.png in Resources */ = {isa = PBXBuildFile; fileRef = D0A689E51AD24EDD0017F0A7 /* camera-50.png */; };
		D0A689F61AD24EDD0017F0A7 /* BlueButtonPressed.png in Resources */ = {isa = PBXBuildFile; fileRef = D0A689E61AD24EDD0017F0A7 /* BlueButtonPressed.png */; };
		D0A689F71AD24EDD0017F0A7 /* BlueButton.png in Resources */ = {isa = PBXBuildFile; fileRef = D0A689E71AD24EDD0017F0A7 /* BlueButton.png */; };
		D0A689F81AD24EDD0017F0A7 /* email-50.png in Resources */ = {isa = PBXBuildFile; fileRef = D0A689E81AD24EDD0017F0A7 /* email-50.png */; };
		D0A689F91AD24EDD0017F0A7 /* user-50.png in Resources */ = {isa = PBXBuildFile; fileRef = D0A689E91AD24EDD0017F0A7 /* user-50.png */; };
		D0A689FA1AD24EDD0017F0A7 /* 3DBlueButton.png in Resources */ = {isa = PBXBuildFile; fileRef = D0A689EA1AD24EDD0017F0A7 /* 3DBlueButton.png */; };
		D0A689FB1AD24EDD0017F0A7 /* RedOutline.png in Resources */ = {isa = PBXBuildFile; fileRef = D0A689EB1AD24EDD0017F0A7 /* RedOutline.png */; };
		D0A689FC1AD24EDD0017F0A7 /* 3DBlueButtonPressed.png in Resources */ = {isa = PBXBuildFile; fileRef = D0A689EC1AD24EDD0017F0A7 /* 3DBlueButtonPressed.png */; };
		D0A689FD1AD24EDD0017F0A7 /* 3DRedButton.png in Resources */ = {isa = PBXBuildFile; fileRef = D0A689ED1AD24EDD0017F0A7 /* 3DRedButton.png */; };
		D0A689FE1AD24EDD0017F0A7 /* 3DYellowButton.png in Resources */ = {isa = PBXBuildFile; fileRef = D0A689EE1AD24EDD0017F0A7 /* 3DYellowButton.png */; };
		D0A689FF1AD24EDD0017F0A7 /* 3DYellowButtonPressed.png in Resources */ = {isa = PBXBuildFile; fileRef = D0A689EF1AD24EDD0017F0A7 /* 3DYellowButtonPressed.png */; };
		D0A68A001AD24EDD0017F0A7 /* RedButton.png in Resources */ = {isa = PBXBuildFile; fileRef = D0A689F01AD24EDD0017F0A7 /* RedButton.png */; };
		D0A68A011AD24EDD0017F0A7 /* 3DRedButtonPressed.png in Resources */ = {isa = PBXBuildFile; fileRef = D0A689F11AD24EDD0017F0A7 /* 3DRedButtonPressed.png */; };
		D0A68A021AD24EDD0017F0A7 /* lock-50.png in Resources */ = {isa = PBXBuildFile; fileRef = D0A689F21AD24EDD0017F0A7 /* lock-50.png */; };
		D0D4B1961B3933DD00356A16 /* MediaToolbox.framework in Frameworks */ = {isa = PBXBuildFile; fileRef = D0D4B1951B3933DD00356A16 /* MediaToolbox.framework */; };
		D0D4B1981B3933E100356A16 /* CoreMedia.framework in Frameworks */ = {isa = PBXBuildFile; fileRef = D0D4B1971B3933E100356A16 /* CoreMedia.framework */; };
		D0D4B19A1B3933ED00356A16 /* CoreVideo.framework in Frameworks */ = {isa = PBXBuildFile; fileRef = D0D4B1991B3933ED00356A16 /* CoreVideo.framework */; };
		D0D4B19C1B3933F100356A16 /* VideoToolbox.framework in Frameworks */ = {isa = PBXBuildFile; fileRef = D0D4B19B1B3933F100356A16 /* VideoToolbox.framework */; };
/* End PBXBuildFile section */

/* Begin PBXContainerItemProxy section */
		D060214E1B39250000C383EF /* PBXContainerItemProxy */ = {
			isa = PBXContainerItemProxy;
			containerPortal = D0A689A51AD209E10017F0A7 /* Project object */;
			proxyType = 1;
			remoteGlobalIDString = D060214B1B39250000C383EF;
			remoteInfo = "Remind Me Why WatchKit App";
		};
		D06021581B39250000C383EF /* PBXContainerItemProxy */ = {
			isa = PBXContainerItemProxy;
			containerPortal = D0A689A51AD209E10017F0A7 /* Project object */;
			proxyType = 1;
			remoteGlobalIDString = D06021401B39250000C383EF;
			remoteInfo = "Remind Me Why WatchKit Extension";
		};
		D0A689C71AD209E10017F0A7 /* PBXContainerItemProxy */ = {
			isa = PBXContainerItemProxy;
			containerPortal = D0A689A51AD209E10017F0A7 /* Project object */;
			proxyType = 1;
			remoteGlobalIDString = D0A689AC1AD209E10017F0A7;
			remoteInfo = "Remind Me Why";
		};
/* End PBXContainerItemProxy section */

/* Begin PBXCopyFilesBuildPhase section */
		D06021611B39250000C383EF /* Embed App Extensions */ = {
			isa = PBXCopyFilesBuildPhase;
			buildActionMask = 2147483647;
			dstPath = "";
			dstSubfolderSpec = 13;
			files = (
				D060215A1B39250000C383EF /* Remind Me Why WatchKit Extension.appex in Embed App Extensions */,
			);
			name = "Embed App Extensions";
			runOnlyForDeploymentPostprocessing = 0;
		};
/* End PBXCopyFilesBuildPhase section */

/* Begin PBXFileReference section */
		D03CDA451AD98A3600F25929 /* Bolts.framework */ = {isa = PBXFileReference; lastKnownFileType = wrapper.framework; name = Bolts.framework; path = "../../Downloads/parse-library/Bolts.framework"; sourceTree = "<group>"; };
		D03CDA461AD98A3600F25929 /* Parse.framework */ = {isa = PBXFileReference; lastKnownFileType = wrapper.framework; name = Parse.framework; path = "../../Downloads/parse-library/Parse.framework"; sourceTree = "<group>"; };
		D03CDA471AD98A3600F25929 /* ParseCrashReporting.framework */ = {isa = PBXFileReference; lastKnownFileType = wrapper.framework; name = ParseCrashReporting.framework; path = "../../Downloads/parse-library/ParseCrashReporting.framework"; sourceTree = "<group>"; };
		D03CDA481AD98A3600F25929 /* ParseFacebookUtils.framework */ = {isa = PBXFileReference; lastKnownFileType = wrapper.framework; name = ParseFacebookUtils.framework; path = "../../Downloads/parse-library/ParseFacebookUtils.framework"; sourceTree = "<group>"; };
		D03CDA491AD98A3600F25929 /* ParseUI.framework */ = {isa = PBXFileReference; lastKnownFileType = wrapper.framework; name = ParseUI.framework; path = "../../Downloads/parse-library/ParseUI.framework"; sourceTree = "<group>"; };
		D04EB0761AD2563000E57B02 /* AudioToolbox.framework */ = {isa = PBXFileReference; lastKnownFileType = wrapper.framework; name = AudioToolbox.framework; path = System/Library/Frameworks/AudioToolbox.framework; sourceTree = SDKROOT; };
		D04EB0781AD2563600E57B02 /* CFNetwork.framework */ = {isa = PBXFileReference; lastKnownFileType = wrapper.framework; name = CFNetwork.framework; path = System/Library/Frameworks/CFNetwork.framework; sourceTree = SDKROOT; };
		D04EB07A1AD2563E00E57B02 /* CoreGraphics.framework */ = {isa = PBXFileReference; lastKnownFileType = wrapper.framework; name = CoreGraphics.framework; path = System/Library/Frameworks/CoreGraphics.framework; sourceTree = SDKROOT; };
		D04EB07C1AD2564400E57B02 /* CoreLocation.framework */ = {isa = PBXFileReference; lastKnownFileType = wrapper.framework; name = CoreLocation.framework; path = System/Library/Frameworks/CoreLocation.framework; sourceTree = SDKROOT; };
		D04EB07E1AD2564D00E57B02 /* MobileCoreServices.framework */ = {isa = PBXFileReference; lastKnownFileType = wrapper.framework; name = MobileCoreServices.framework; path = System/Library/Frameworks/MobileCoreServices.framework; sourceTree = SDKROOT; };
		D04EB0801AD2565300E57B02 /* QuartzCore.framework */ = {isa = PBXFileReference; lastKnownFileType = wrapper.framework; name = QuartzCore.framework; path = System/Library/Frameworks/QuartzCore.framework; sourceTree = SDKROOT; };
		D04EB0821AD2565A00E57B02 /* Security.framework */ = {isa = PBXFileReference; lastKnownFileType = wrapper.framework; name = Security.framework; path = System/Library/Frameworks/Security.framework; sourceTree = SDKROOT; };
		D04EB0841AD2566000E57B02 /* StoreKit.framework */ = {isa = PBXFileReference; lastKnownFileType = wrapper.framework; name = StoreKit.framework; path = System/Library/Frameworks/StoreKit.framework; sourceTree = SDKROOT; };
		D04EB0861AD2566600E57B02 /* SystemConfiguration.framework */ = {isa = PBXFileReference; lastKnownFileType = wrapper.framework; name = SystemConfiguration.framework; path = System/Library/Frameworks/SystemConfiguration.framework; sourceTree = SDKROOT; };
		D04EB08C1AD259EB00E57B02 /* Settings-50.png */ = {isa = PBXFileReference; lastKnownFileType = image.png; path = "Settings-50.png"; sourceTree = "<group>"; };
		D04EB08E1AD26E4E00E57B02 /* AVFoundation.framework */ = {isa = PBXFileReference; lastKnownFileType = wrapper.framework; name = AVFoundation.framework; path = System/Library/Frameworks/AVFoundation.framework; sourceTree = SDKROOT; };
		D04EB0901AD26E5500E57B02 /* AVKit.framework */ = {isa = PBXFileReference; lastKnownFileType = wrapper.framework; name = AVKit.framework; path = System/Library/Frameworks/AVKit.framework; sourceTree = SDKROOT; };
		D04EB0921AD26EB000E57B02 /* MediaPlayer.framework */ = {isa = PBXFileReference; lastKnownFileType = wrapper.framework; name = MediaPlayer.framework; path = System/Library/Frameworks/MediaPlayer.framework; sourceTree = SDKROOT; };
		D04EB0941AD3430800E57B02 /* SettingsViewController.h */ = {isa = PBXFileReference; fileEncoding = 4; lastKnownFileType = sourcecode.c.h; path = SettingsViewController.h; sourceTree = "<group>"; };
		D04EB0951AD3430800E57B02 /* SettingsViewController.m */ = {isa = PBXFileReference; fileEncoding = 4; lastKnownFileType = sourcecode.c.objc; path = SettingsViewController.m; sourceTree = "<group>"; };
		D06021391B39211400C383EF /* libz.dylib */ = {isa = PBXFileReference; lastKnownFileType = "compiled.mach-o.dylib"; name = libz.dylib; path = usr/lib/libz.dylib; sourceTree = SDKROOT; };
		D060213B1B39211800C383EF /* libsqlite3.dylib */ = {isa = PBXFileReference; lastKnownFileType = "compiled.mach-o.dylib"; name = libsqlite3.dylib; path = usr/lib/libsqlite3.dylib; sourceTree = SDKROOT; };
		D06021411B39250000C383EF /* Remind Me Why WatchKit Extension.appex */ = {isa = PBXFileReference; explicitFileType = "wrapper.app-extension"; includeInIndex = 0; path = "Remind Me Why WatchKit Extension.appex"; sourceTree = BUILT_PRODUCTS_DIR; };
		D06021441B39250000C383EF /* Info.plist */ = {isa = PBXFileReference; lastKnownFileType = text.plist.xml; path = Info.plist; sourceTree = "<group>"; };
		D06021451B39250000C383EF /* InterfaceController.h */ = {isa = PBXFileReference; lastKnownFileType = sourcecode.c.h; path = InterfaceController.h; sourceTree = "<group>"; };
		D06021461B39250000C383EF /* InterfaceController.m */ = {isa = PBXFileReference; lastKnownFileType = sourcecode.c.objc; path = InterfaceController.m; sourceTree = "<group>"; };
		D06021481B39250000C383EF /* Images.xcassets */ = {isa = PBXFileReference; lastKnownFileType = folder.assetcatalog; path = Images.xcassets; sourceTree = "<group>"; };
		D060214C1B39250000C383EF /* Remind Me Why WatchKit App.app */ = {isa = PBXFileReference; explicitFileType = wrapper.application; includeInIndex = 0; path = "Remind Me Why WatchKit App.app"; sourceTree = BUILT_PRODUCTS_DIR; };
		D06021521B39250000C383EF /* Info.plist */ = {isa = PBXFileReference; lastKnownFileType = text.plist.xml; path = Info.plist; sourceTree = "<group>"; };
		D06021541B39250000C383EF /* Base */ = {isa = PBXFileReference; lastKnownFileType = file.storyboard; name = Base; path = Base.lproj/Interface.storyboard; sourceTree = "<group>"; };
		D06021561B39250000C383EF /* Images.xcassets */ = {isa = PBXFileReference; lastKnownFileType = folder.assetcatalog; path = Images.xcassets; sourceTree = "<group>"; };
		D06021621B39259D00C383EF /* American Captain.otf */ = {isa = PBXFileReference; lastKnownFileType = file; path = "American Captain.otf"; sourceTree = "<group>"; };
		D0A689AD1AD209E10017F0A7 /* Remind Me Why.app */ = {isa = PBXFileReference; explicitFileType = wrapper.application; includeInIndex = 0; path = "Remind Me Why.app"; sourceTree = BUILT_PRODUCTS_DIR; };
		D0A689B11AD209E10017F0A7 /* Info.plist */ = {isa = PBXFileReference; lastKnownFileType = text.plist.xml; path = Info.plist; sourceTree = "<group>"; };
		D0A689B21AD209E10017F0A7 /* main.m */ = {isa = PBXFileReference; lastKnownFileType = sourcecode.c.objc; path = main.m; sourceTree = "<group>"; };
		D0A689B41AD209E10017F0A7 /* AppDelegate.h */ = {isa = PBXFileReference; lastKnownFileType = sourcecode.c.h; path = AppDelegate.h; sourceTree = "<group>"; };
		D0A689B51AD209E10017F0A7 /* AppDelegate.m */ = {isa = PBXFileReference; lastKnownFileType = sourcecode.c.objc; path = AppDelegate.m; sourceTree = "<group>"; };
		D0A689B71AD209E10017F0A7 /* ViewController.h */ = {isa = PBXFileReference; lastKnownFileType = sourcecode.c.h; path = ViewController.h; sourceTree = "<group>"; };
		D0A689B81AD209E10017F0A7 /* ViewController.m */ = {isa = PBXFileReference; lastKnownFileType = sourcecode.c.objc; path = ViewController.m; sourceTree = "<group>"; };
		D0A689BB1AD209E10017F0A7 /* Base */ = {isa = PBXFileReference; lastKnownFileType = file.storyboard; name = Base; path = Base.lproj/Main.storyboard; sourceTree = "<group>"; };
		D0A689BD1AD209E10017F0A7 /* Images.xcassets */ = {isa = PBXFileReference; lastKnownFileType = folder.assetcatalog; path = Images.xcassets; sourceTree = "<group>"; };
		D0A689C01AD209E10017F0A7 /* Base */ = {isa = PBXFileReference; lastKnownFileType = file.xib; name = Base; path = Base.lproj/LaunchScreen.xib; sourceTree = "<group>"; };
		D0A689C61AD209E10017F0A7 /* Remind Me WhyTests.xctest */ = {isa = PBXFileReference; explicitFileType = wrapper.cfbundle; includeInIndex = 0; path = "Remind Me WhyTests.xctest"; sourceTree = BUILT_PRODUCTS_DIR; };
		D0A689CB1AD209E10017F0A7 /* Info.plist */ = {isa = PBXFileReference; lastKnownFileType = text.plist.xml; path = Info.plist; sourceTree = "<group>"; };
		D0A689CC1AD209E10017F0A7 /* Remind_Me_WhyTests.m */ = {isa = PBXFileReference; lastKnownFileType = sourcecode.c.objc; path = Remind_Me_WhyTests.m; sourceTree = "<group>"; };
		D0A689D61AD21CE00017F0A7 /* ThisIsWhyViewController.h */ = {isa = PBXFileReference; fileEncoding = 4; lastKnownFileType = sourcecode.c.h; path = ThisIsWhyViewController.h; sourceTree = "<group>"; };
		D0A689D71AD21CE00017F0A7 /* ThisIsWhyViewController.m */ = {isa = PBXFileReference; fileEncoding = 4; lastKnownFileType = sourcecode.c.objc; path = ThisIsWhyViewController.m; sourceTree = "<group>"; };
		D0A689D91AD23CFF0017F0A7 /* PushNoAnimationSegue.h */ = {isa = PBXFileReference; fileEncoding = 4; lastKnownFileType = sourcecode.c.h; path = PushNoAnimationSegue.h; sourceTree = "<group>"; };
		D0A689DA1AD23CFF0017F0A7 /* PushNoAnimationSegue.m */ = {isa = PBXFileReference; fileEncoding = 4; lastKnownFileType = sourcecode.c.objc; path = PushNoAnimationSegue.m; sourceTree = "<group>"; };
		D0A689DC1AD24AC10017F0A7 /* SetReminderViewController.h */ = {isa = PBXFileReference; fileEncoding = 4; lastKnownFileType = sourcecode.c.h; path = SetReminderViewController.h; sourceTree = "<group>"; };
		D0A689DD1AD24AC10017F0A7 /* SetReminderViewController.m */ = {isa = PBXFileReference; fileEncoding = 4; lastKnownFileType = sourcecode.c.objc; path = SetReminderViewController.m; sourceTree = "<group>"; };
		D0A689DF1AD24E640017F0A7 /* LoginViewController.h */ = {isa = PBXFileReference; fileEncoding = 4; lastKnownFileType = sourcecode.c.h; path = LoginViewController.h; sourceTree = "<group>"; };
		D0A689E01AD24E640017F0A7 /* LoginViewController.m */ = {isa = PBXFileReference; fileEncoding = 4; lastKnownFileType = sourcecode.c.objc; path = LoginViewController.m; sourceTree = "<group>"; };
		D0A689E31AD24EDD0017F0A7 /* OutlineButton.png */ = {isa = PBXFileReference; lastKnownFileType = image.png; path = OutlineButton.png; sourceTree = "<group>"; };
		D0A689E41AD24EDD0017F0A7 /* camera-96.png */ = {isa = PBXFileReference; lastKnownFileType = image.png; path = "camera-96.png"; sourceTree = "<group>"; };
		D0A689E51AD24EDD0017F0A7 /* camera-50.png */ = {isa = PBXFileReference; lastKnownFileType = image.png; path = "camera-50.png"; sourceTree = "<group>"; };
		D0A689E61AD24EDD0017F0A7 /* BlueButtonPressed.png */ = {isa = PBXFileReference; lastKnownFileType = image.png; path = BlueButtonPressed.png; sourceTree = "<group>"; };
		D0A689E71AD24EDD0017F0A7 /* BlueButton.png */ = {isa = PBXFileReference; lastKnownFileType = image.png; path = BlueButton.png; sourceTree = "<group>"; };
		D0A689E81AD24EDD0017F0A7 /* email-50.png */ = {isa = PBXFileReference; lastKnownFileType = image.png; path = "email-50.png"; sourceTree = "<group>"; };
		D0A689E91AD24EDD0017F0A7 /* user-50.png */ = {isa = PBXFileReference; lastKnownFileType = image.png; path = "user-50.png"; sourceTree = "<group>"; };
		D0A689EA1AD24EDD0017F0A7 /* 3DBlueButton.png */ = {isa = PBXFileReference; lastKnownFileType = image.png; path = 3DBlueButton.png; sourceTree = "<group>"; };
		D0A689EB1AD24EDD0017F0A7 /* RedOutline.png */ = {isa = PBXFileReference; lastKnownFileType = image.png; path = RedOutline.png; sourceTree = "<group>"; };
		D0A689EC1AD24EDD0017F0A7 /* 3DBlueButtonPressed.png */ = {isa = PBXFileReference; lastKnownFileType = image.png; path = 3DBlueButtonPressed.png; sourceTree = "<group>"; };
		D0A689ED1AD24EDD0017F0A7 /* 3DRedButton.png */ = {isa = PBXFileReference; lastKnownFileType = image.png; path = 3DRedButton.png; sourceTree = "<group>"; };
		D0A689EE1AD24EDD0017F0A7 /* 3DYellowButton.png */ = {isa = PBXFileReference; lastKnownFileType = image.png; path = 3DYellowButton.png; sourceTree = "<group>"; };
		D0A689EF1AD24EDD0017F0A7 /* 3DYellowButtonPressed.png */ = {isa = PBXFileReference; lastKnownFileType = image.png; path = 3DYellowButtonPressed.png; sourceTree = "<group>"; };
		D0A689F01AD24EDD0017F0A7 /* RedButton.png */ = {isa = PBXFileReference; lastKnownFileType = image.png; path = RedButton.png; sourceTree = "<group>"; };
		D0A689F11AD24EDD0017F0A7 /* 3DRedButtonPressed.png */ = {isa = PBXFileReference; lastKnownFileType = image.png; path = 3DRedButtonPressed.png; sourceTree = "<group>"; };
		D0A689F21AD24EDD0017F0A7 /* lock-50.png */ = {isa = PBXFileReference; lastKnownFileType = image.png; path = "lock-50.png"; sourceTree = "<group>"; };
		D0D4B1951B3933DD00356A16 /* MediaToolbox.framework */ = {isa = PBXFileReference; lastKnownFileType = wrapper.framework; name = MediaToolbox.framework; path = System/Library/Frameworks/MediaToolbox.framework; sourceTree = SDKROOT; };
		D0D4B1971B3933E100356A16 /* CoreMedia.framework */ = {isa = PBXFileReference; lastKnownFileType = wrapper.framework; name = CoreMedia.framework; path = System/Library/Frameworks/CoreMedia.framework; sourceTree = SDKROOT; };
		D0D4B1991B3933ED00356A16 /* CoreVideo.framework */ = {isa = PBXFileReference; lastKnownFileType = wrapper.framework; name = CoreVideo.framework; path = System/Library/Frameworks/CoreVideo.framework; sourceTree = SDKROOT; };
		D0D4B19B1B3933F100356A16 /* VideoToolbox.framework */ = {isa = PBXFileReference; lastKnownFileType = wrapper.framework; name = VideoToolbox.framework; path = System/Library/Frameworks/VideoToolbox.framework; sourceTree = SDKROOT; };
/* End PBXFileReference section */

/* Begin PBXFrameworksBuildPhase section */
		D060213E1B39250000C383EF /* Frameworks */ = {
			isa = PBXFrameworksBuildPhase;
			buildActionMask = 2147483647;
			files = (
			);
			runOnlyForDeploymentPostprocessing = 0;
		};
		D0A689AA1AD209E10017F0A7 /* Frameworks */ = {
			isa = PBXFrameworksBuildPhase;
			buildActionMask = 2147483647;
			files = (
				D0D4B19C1B3933F100356A16 /* VideoToolbox.framework in Frameworks */,
				D0D4B19A1B3933ED00356A16 /* CoreVideo.framework in Frameworks */,
				D0D4B1981B3933E100356A16 /* CoreMedia.framework in Frameworks */,
				D0D4B1961B3933DD00356A16 /* MediaToolbox.framework in Frameworks */,
				D060213C1B39211800C383EF /* libsqlite3.dylib in Frameworks */,
				D060213A1B39211400C383EF /* libz.dylib in Frameworks */,
				D03CDA4A1AD98A3600F25929 /* Bolts.framework in Frameworks */,
				D03CDA4B1AD98A3600F25929 /* Parse.framework in Frameworks */,
				D03CDA4C1AD98A3600F25929 /* ParseCrashReporting.framework in Frameworks */,
				D03CDA4D1AD98A3600F25929 /* ParseFacebookUtils.framework in Frameworks */,
				D03CDA4E1AD98A3600F25929 /* ParseUI.framework in Frameworks */,
				D04EB0931AD26EB000E57B02 /* MediaPlayer.framework in Frameworks */,
				D04EB0911AD26E5500E57B02 /* AVKit.framework in Frameworks */,
				D04EB08F1AD26E4E00E57B02 /* AVFoundation.framework in Frameworks */,
				D04EB0871AD2566600E57B02 /* SystemConfiguration.framework in Frameworks */,
				D04EB0851AD2566000E57B02 /* StoreKit.framework in Frameworks */,
				D04EB0831AD2565A00E57B02 /* Security.framework in Frameworks */,
				D04EB0811AD2565300E57B02 /* QuartzCore.framework in Frameworks */,
				D04EB07F1AD2564D00E57B02 /* MobileCoreServices.framework in Frameworks */,
				D04EB07D1AD2564400E57B02 /* CoreLocation.framework in Frameworks */,
				D04EB07B1AD2563E00E57B02 /* CoreGraphics.framework in Frameworks */,
				D04EB0791AD2563600E57B02 /* CFNetwork.framework in Frameworks */,
				D04EB0771AD2563000E57B02 /* AudioToolbox.framework in Frameworks */,
			);
			runOnlyForDeploymentPostprocessing = 0;
		};
		D0A689C31AD209E10017F0A7 /* Frameworks */ = {
			isa = PBXFrameworksBuildPhase;
			buildActionMask = 2147483647;
			files = (
			);
			runOnlyForDeploymentPostprocessing = 0;
		};
/* End PBXFrameworksBuildPhase section */

/* Begin PBXGroup section */
		D06021421B39250000C383EF /* Remind Me Why WatchKit Extension */ = {
			isa = PBXGroup;
			children = (
				D06021451B39250000C383EF /* InterfaceController.h */,
				D06021461B39250000C383EF /* InterfaceController.m */,
				D06021481B39250000C383EF /* Images.xcassets */,
				D06021431B39250000C383EF /* Supporting Files */,
			);
			path = "Remind Me Why WatchKit Extension";
			sourceTree = "<group>";
		};
		D06021431B39250000C383EF /* Supporting Files */ = {
			isa = PBXGroup;
			children = (
				D06021441B39250000C383EF /* Info.plist */,
			);
			name = "Supporting Files";
			sourceTree = "<group>";
		};
		D06021501B39250000C383EF /* Remind Me Why WatchKit App */ = {
			isa = PBXGroup;
			children = (
				D06021621B39259D00C383EF /* American Captain.otf */,
				D06021531B39250000C383EF /* Interface.storyboard */,
				D06021561B39250000C383EF /* Images.xcassets */,
				D06021511B39250000C383EF /* Supporting Files */,
			);
			path = "Remind Me Why WatchKit App";
			sourceTree = "<group>";
		};
		D06021511B39250000C383EF /* Supporting Files */ = {
			isa = PBXGroup;
			children = (
				D06021521B39250000C383EF /* Info.plist */,
			);
			name = "Supporting Files";
			sourceTree = "<group>";
		};
		D0A689A41AD209E10017F0A7 = {
			isa = PBXGroup;
			children = (
				D0D4B19B1B3933F100356A16 /* VideoToolbox.framework */,
				D0D4B1991B3933ED00356A16 /* CoreVideo.framework */,
				D0D4B1971B3933E100356A16 /* CoreMedia.framework */,
				D0D4B1951B3933DD00356A16 /* MediaToolbox.framework */,
				D060213B1B39211800C383EF /* libsqlite3.dylib */,
				D06021391B39211400C383EF /* libz.dylib */,
				D03CDA451AD98A3600F25929 /* Bolts.framework */,
				D03CDA461AD98A3600F25929 /* Parse.framework */,
				D03CDA471AD98A3600F25929 /* ParseCrashReporting.framework */,
				D03CDA481AD98A3600F25929 /* ParseFacebookUtils.framework */,
				D03CDA491AD98A3600F25929 /* ParseUI.framework */,
				D04EB0921AD26EB000E57B02 /* MediaPlayer.framework */,
				D04EB0901AD26E5500E57B02 /* AVKit.framework */,
				D04EB08E1AD26E4E00E57B02 /* AVFoundation.framework */,
				D04EB0861AD2566600E57B02 /* SystemConfiguration.framework */,
				D04EB0841AD2566000E57B02 /* StoreKit.framework */,
				D04EB0821AD2565A00E57B02 /* Security.framework */,
				D04EB0801AD2565300E57B02 /* QuartzCore.framework */,
				D04EB07E1AD2564D00E57B02 /* MobileCoreServices.framework */,
				D04EB07C1AD2564400E57B02 /* CoreLocation.framework */,
				D04EB07A1AD2563E00E57B02 /* CoreGraphics.framework */,
				D04EB0781AD2563600E57B02 /* CFNetwork.framework */,
				D04EB0761AD2563000E57B02 /* AudioToolbox.framework */,
				D0A689AF1AD209E10017F0A7 /* Remind Me Why */,
				D0A689C91AD209E10017F0A7 /* Remind Me WhyTests */,
				D06021421B39250000C383EF /* Remind Me Why WatchKit Extension */,
				D06021501B39250000C383EF /* Remind Me Why WatchKit App */,
				D0A689AE1AD209E10017F0A7 /* Products */,
			);
			sourceTree = "<group>";
		};
		D0A689AE1AD209E10017F0A7 /* Products */ = {
			isa = PBXGroup;
			children = (
				D0A689AD1AD209E10017F0A7 /* Remind Me Why.app */,
				D0A689C61AD209E10017F0A7 /* Remind Me WhyTests.xctest */,
				D06021411B39250000C383EF /* Remind Me Why WatchKit Extension.appex */,
				D060214C1B39250000C383EF /* Remind Me Why WatchKit App.app */,
			);
			name = Products;
			sourceTree = "<group>";
		};
		D0A689AF1AD209E10017F0A7 /* Remind Me Why */ = {
			isa = PBXGroup;
			children = (
				D0A689BA1AD209E10017F0A7 /* Main.storyboard */,
				D0A689B41AD209E10017F0A7 /* AppDelegate.h */,
				D0A689B51AD209E10017F0A7 /* AppDelegate.m */,
				D0A689B71AD209E10017F0A7 /* ViewController.h */,
				D0A689B81AD209E10017F0A7 /* ViewController.m */,
				D0A689DF1AD24E640017F0A7 /* LoginViewController.h */,
				D0A689E01AD24E640017F0A7 /* LoginViewController.m */,
				D04EB0941AD3430800E57B02 /* SettingsViewController.h */,
				D04EB0951AD3430800E57B02 /* SettingsViewController.m */,
				D0A689D61AD21CE00017F0A7 /* ThisIsWhyViewController.h */,
				D0A689D71AD21CE00017F0A7 /* ThisIsWhyViewController.m */,
				D0A689DC1AD24AC10017F0A7 /* SetReminderViewController.h */,
				D0A689DD1AD24AC10017F0A7 /* SetReminderViewController.m */,
				D0A689D91AD23CFF0017F0A7 /* PushNoAnimationSegue.h */,
				D0A689DA1AD23CFF0017F0A7 /* PushNoAnimationSegue.m */,
				D0A689E21AD24ECE0017F0A7 /* UI */,
				D0A689BD1AD209E10017F0A7 /* Images.xcassets */,
				D0A689BF1AD209E10017F0A7 /* LaunchScreen.xib */,
				D0A689B01AD209E10017F0A7 /* Supporting Files */,
			);
			path = "Remind Me Why";
			sourceTree = "<group>";
		};
		D0A689B01AD209E10017F0A7 /* Supporting Files */ = {
			isa = PBXGroup;
			children = (
				D0A689B11AD209E10017F0A7 /* Info.plist */,
				D0A689B21AD209E10017F0A7 /* main.m */,
			);
			name = "Supporting Files";
			sourceTree = "<group>";
		};
		D0A689C91AD209E10017F0A7 /* Remind Me WhyTests */ = {
			isa = PBXGroup;
			children = (
				D0A689CC1AD209E10017F0A7 /* Remind_Me_WhyTests.m */,
				D0A689CA1AD209E10017F0A7 /* Supporting Files */,
			);
			path = "Remind Me WhyTests";
			sourceTree = "<group>";
		};
		D0A689CA1AD209E10017F0A7 /* Supporting Files */ = {
			isa = PBXGroup;
			children = (
				D0A689CB1AD209E10017F0A7 /* Info.plist */,
			);
			name = "Supporting Files";
			sourceTree = "<group>";
		};
		D0A689E21AD24ECE0017F0A7 /* UI */ = {
			isa = PBXGroup;
			children = (
				D0A689E31AD24EDD0017F0A7 /* OutlineButton.png */,
				D0A689E41AD24EDD0017F0A7 /* camera-96.png */,
				D0A689E51AD24EDD0017F0A7 /* camera-50.png */,
				D0A689E61AD24EDD0017F0A7 /* BlueButtonPressed.png */,
				D0A689E71AD24EDD0017F0A7 /* BlueButton.png */,
				D0A689E81AD24EDD0017F0A7 /* email-50.png */,
				D0A689E91AD24EDD0017F0A7 /* user-50.png */,
				D0A689EA1AD24EDD0017F0A7 /* 3DBlueButton.png */,
				D0A689EB1AD24EDD0017F0A7 /* RedOutline.png */,
				D0A689EC1AD24EDD0017F0A7 /* 3DBlueButtonPressed.png */,
				D0A689ED1AD24EDD0017F0A7 /* 3DRedButton.png */,
				D0A689EE1AD24EDD0017F0A7 /* 3DYellowButton.png */,
				D0A689EF1AD24EDD0017F0A7 /* 3DYellowButtonPressed.png */,
				D0A689F01AD24EDD0017F0A7 /* RedButton.png */,
				D0A689F11AD24EDD0017F0A7 /* 3DRedButtonPressed.png */,
				D0A689F21AD24EDD0017F0A7 /* lock-50.png */,
				D04EB08C1AD259EB00E57B02 /* Settings-50.png */,
			);
			name = UI;
			sourceTree = "<group>";
		};
/* End PBXGroup section */

/* Begin PBXNativeTarget section */
		D06021401B39250000C383EF /* Remind Me Why WatchKit Extension */ = {
			isa = PBXNativeTarget;
			buildConfigurationList = D060215E1B39250000C383EF /* Build configuration list for PBXNativeTarget "Remind Me Why WatchKit Extension" */;
			buildPhases = (
				D060213D1B39250000C383EF /* Sources */,
				D060213E1B39250000C383EF /* Frameworks */,
				D060213F1B39250000C383EF /* Resources */,
			);
			buildRules = (
			);
			dependencies = (
				D060214F1B39250000C383EF /* PBXTargetDependency */,
			);
			name = "Remind Me Why WatchKit Extension";
			productName = "Remind Me Why WatchKit Extension";
			productReference = D06021411B39250000C383EF /* Remind Me Why WatchKit Extension.appex */;
			productType = "com.apple.product-type.watchkit-extension";
		};
		D060214B1B39250000C383EF /* Remind Me Why WatchKit App */ = {
			isa = PBXNativeTarget;
			buildConfigurationList = D060215B1B39250000C383EF /* Build configuration list for PBXNativeTarget "Remind Me Why WatchKit App" */;
			buildPhases = (
				D060214A1B39250000C383EF /* Resources */,
			);
			buildRules = (
			);
			dependencies = (
			);
			name = "Remind Me Why WatchKit App";
			productName = "Remind Me Why WatchKit App";
			productReference = D060214C1B39250000C383EF /* Remind Me Why WatchKit App.app */;
			productType = "com.apple.product-type.application.watchapp";
		};
		D0A689AC1AD209E10017F0A7 /* Remind Me Why */ = {
			isa = PBXNativeTarget;
			buildConfigurationList = D0A689D01AD209E10017F0A7 /* Build configuration list for PBXNativeTarget "Remind Me Why" */;
			buildPhases = (
				D0A689A91AD209E10017F0A7 /* Sources */,
				D0A689AA1AD209E10017F0A7 /* Frameworks */,
				D0A689AB1AD209E10017F0A7 /* Resources */,
				D06021611B39250000C383EF /* Embed App Extensions */,
			);
			buildRules = (
			);
			dependencies = (
				D06021591B39250000C383EF /* PBXTargetDependency */,
			);
			name = "Remind Me Why";
			productName = "Remind Me Why";
			productReference = D0A689AD1AD209E10017F0A7 /* Remind Me Why.app */;
			productType = "com.apple.product-type.application";
		};
		D0A689C51AD209E10017F0A7 /* Remind Me WhyTests */ = {
			isa = PBXNativeTarget;
			buildConfigurationList = D0A689D31AD209E10017F0A7 /* Build configuration list for PBXNativeTarget "Remind Me WhyTests" */;
			buildPhases = (
				D0A689C21AD209E10017F0A7 /* Sources */,
				D0A689C31AD209E10017F0A7 /* Frameworks */,
				D0A689C41AD209E10017F0A7 /* Resources */,
			);
			buildRules = (
			);
			dependencies = (
				D0A689C81AD209E10017F0A7 /* PBXTargetDependency */,
			);
			name = "Remind Me WhyTests";
			productName = "Remind Me WhyTests";
			productReference = D0A689C61AD209E10017F0A7 /* Remind Me WhyTests.xctest */;
			productType = "com.apple.product-type.bundle.unit-test";
		};
/* End PBXNativeTarget section */

/* Begin PBXProject section */
		D0A689A51AD209E10017F0A7 /* Project object */ = {
			isa = PBXProject;
			attributes = {
				LastUpgradeCheck = 0620;
				ORGANIZATIONNAME = "Justin Lennox";
				TargetAttributes = {
					D06021401B39250000C383EF = {
						CreatedOnToolsVersion = 6.3.2;
					};
					D060214B1B39250000C383EF = {
						CreatedOnToolsVersion = 6.3.2;
					};
					D0A689AC1AD209E10017F0A7 = {
						CreatedOnToolsVersion = 6.2;
					};
					D0A689C51AD209E10017F0A7 = {
						CreatedOnToolsVersion = 6.2;
						TestTargetID = D0A689AC1AD209E10017F0A7;
					};
				};
			};
			buildConfigurationList = D0A689A81AD209E10017F0A7 /* Build configuration list for PBXProject "Remind Me Why" */;
			compatibilityVersion = "Xcode 3.2";
			developmentRegion = English;
			hasScannedForEncodings = 0;
			knownRegions = (
				en,
				Base,
			);
			mainGroup = D0A689A41AD209E10017F0A7;
			productRefGroup = D0A689AE1AD209E10017F0A7 /* Products */;
			projectDirPath = "";
			projectRoot = "";
			targets = (
				D0A689AC1AD209E10017F0A7 /* Remind Me Why */,
				D0A689C51AD209E10017F0A7 /* Remind Me WhyTests */,
				D06021401B39250000C383EF /* Remind Me Why WatchKit Extension */,
				D060214B1B39250000C383EF /* Remind Me Why WatchKit App */,
			);
		};
/* End PBXProject section */

/* Begin PBXResourcesBuildPhase section */
		D060213F1B39250000C383EF /* Resources */ = {
			isa = PBXResourcesBuildPhase;
			buildActionMask = 2147483647;
			files = (
				D060214D1B39250000C383EF /* Remind Me Why WatchKit App.app in Resources */,
				D06021491B39250000C383EF /* Images.xcassets in Resources */,
				D06021651B39259D00C383EF /* American Captain.otf in Resources */,
			);
			runOnlyForDeploymentPostprocessing = 0;
		};
		D060214A1B39250000C383EF /* Resources */ = {
			isa = PBXResourcesBuildPhase;
			buildActionMask = 2147483647;
			files = (
				D06021551B39250000C383EF /* Interface.storyboard in Resources */,
				D06021571B39250000C383EF /* Images.xcassets in Resources */,
				D06021661B39259D00C383EF /* American Captain.otf in Resources */,
			);
			runOnlyForDeploymentPostprocessing = 0;
		};
		D0A689AB1AD209E10017F0A7 /* Resources */ = {
			isa = PBXResourcesBuildPhase;
			buildActionMask = 2147483647;
			files = (
				D0A689FB1AD24EDD0017F0A7 /* RedOutline.png in Resources */,
				D0A689FF1AD24EDD0017F0A7 /* 3DYellowButtonPressed.png in Resources */,
				D0A689FA1AD24EDD0017F0A7 /* 3DBlueButton.png in Resources */,
				D0A689F31AD24EDD0017F0A7 /* OutlineButton.png in Resources */,
				D0A689BC1AD209E10017F0A7 /* Main.storyboard in Resources */,
				D0A689F81AD24EDD0017F0A7 /* email-50.png in Resources */,
				D0A689C11AD209E10017F0A7 /* LaunchScreen.xib in Resources */,
				D0A68A001AD24EDD0017F0A7 /* RedButton.png in Resources */,
				D0A689FE1AD24EDD0017F0A7 /* 3DYellowButton.png in Resources */,
				D0A68A011AD24EDD0017F0A7 /* 3DRedButtonPressed.png in Resources */,
				D0A689F41AD24EDD0017F0A7 /* camera-96.png in Resources */,
				D06021631B39259D00C383EF /* American Captain.otf in Resources */,
				D0A689F91AD24EDD0017F0A7 /* user-50.png in Resources */,
				D0A689BE1AD209E10017F0A7 /* Images.xcassets in Resources */,
				D04EB08D1AD259EB00E57B02 /* Settings-50.png in Resources */,
				D0A689FC1AD24EDD0017F0A7 /* 3DBlueButtonPressed.png in Resources */,
				D0A68A021AD24EDD0017F0A7 /* lock-50.png in Resources */,
				D0A689F71AD24EDD0017F0A7 /* BlueButton.png in Resources */,
				D0A689F51AD24EDD0017F0A7 /* camera-50.png in Resources */,
				D0A689FD1AD24EDD0017F0A7 /* 3DRedButton.png in Resources */,
				D0A689F61AD24EDD0017F0A7 /* BlueButtonPressed.png in Resources */,
			);
			runOnlyForDeploymentPostprocessing = 0;
		};
		D0A689C41AD209E10017F0A7 /* Resources */ = {
			isa = PBXResourcesBuildPhase;
			buildActionMask = 2147483647;
			files = (
				D06021641B39259D00C383EF /* American Captain.otf in Resources */,
			);
			runOnlyForDeploymentPostprocessing = 0;
		};
/* End PBXResourcesBuildPhase section */

/* Begin PBXSourcesBuildPhase section */
		D060213D1B39250000C383EF /* Sources */ = {
			isa = PBXSourcesBuildPhase;
			buildActionMask = 2147483647;
			files = (
				D06021471B39250000C383EF /* InterfaceController.m in Sources */,
			);
			runOnlyForDeploymentPostprocessing = 0;
		};
		D0A689A91AD209E10017F0A7 /* Sources */ = {
			isa = PBXSourcesBuildPhase;
			buildActionMask = 2147483647;
			files = (
				D0A689DB1AD23CFF0017F0A7 /* PushNoAnimationSegue.m in Sources */,
				D0A689DE1AD24AC10017F0A7 /* SetReminderViewController.m in Sources */,
				D0A689B91AD209E10017F0A7 /* ViewController.m in Sources */,
				D04EB0961AD3430800E57B02 /* SettingsViewController.m in Sources */,
				D0A689B61AD209E10017F0A7 /* AppDelegate.m in Sources */,
				D0A689E11AD24E640017F0A7 /* LoginViewController.m in Sources */,
				D0A689B31AD209E10017F0A7 /* main.m in Sources */,
				D0A689D81AD21CE00017F0A7 /* ThisIsWhyViewController.m in Sources */,
			);
			runOnlyForDeploymentPostprocessing = 0;
		};
		D0A689C21AD209E10017F0A7 /* Sources */ = {
			isa = PBXSourcesBuildPhase;
			buildActionMask = 2147483647;
			files = (
				D0A689CD1AD209E10017F0A7 /* Remind_Me_WhyTests.m in Sources */,
			);
			runOnlyForDeploymentPostprocessing = 0;
		};
/* End PBXSourcesBuildPhase section */

/* Begin PBXTargetDependency section */
		D060214F1B39250000C383EF /* PBXTargetDependency */ = {
			isa = PBXTargetDependency;
			target = D060214B1B39250000C383EF /* Remind Me Why WatchKit App */;
			targetProxy = D060214E1B39250000C383EF /* PBXContainerItemProxy */;
		};
		D06021591B39250000C383EF /* PBXTargetDependency */ = {
			isa = PBXTargetDependency;
			target = D06021401B39250000C383EF /* Remind Me Why WatchKit Extension */;
			targetProxy = D06021581B39250000C383EF /* PBXContainerItemProxy */;
		};
		D0A689C81AD209E10017F0A7 /* PBXTargetDependency */ = {
			isa = PBXTargetDependency;
			target = D0A689AC1AD209E10017F0A7 /* Remind Me Why */;
			targetProxy = D0A689C71AD209E10017F0A7 /* PBXContainerItemProxy */;
		};
/* End PBXTargetDependency section */

/* Begin PBXVariantGroup section */
		D06021531B39250000C383EF /* Interface.storyboard */ = {
			isa = PBXVariantGroup;
			children = (
				D06021541B39250000C383EF /* Base */,
			);
			name = Interface.storyboard;
			sourceTree = "<group>";
		};
		D0A689BA1AD209E10017F0A7 /* Main.storyboard */ = {
			isa = PBXVariantGroup;
			children = (
				D0A689BB1AD209E10017F0A7 /* Base */,
			);
			name = Main.storyboard;
			sourceTree = "<group>";
		};
		D0A689BF1AD209E10017F0A7 /* LaunchScreen.xib */ = {
			isa = PBXVariantGroup;
			children = (
				D0A689C01AD209E10017F0A7 /* Base */,
			);
			name = LaunchScreen.xib;
			sourceTree = "<group>";
		};
/* End PBXVariantGroup section */

/* Begin XCBuildConfiguration section */
		D060215C1B39250000C383EF /* Debug */ = {
			isa = XCBuildConfiguration;
			buildSettings = {
				ASSETCATALOG_COMPILER_APPICON_NAME = AppIcon;
				DEBUG_INFORMATION_FORMAT = "dwarf-with-dsym";
				GCC_NO_COMMON_BLOCKS = YES;
				GCC_PREPROCESSOR_DEFINITIONS = (
					"DEBUG=1",
					"$(inherited)",
				);
				IBSC_MODULE = Remind_Me_Why_WatchKit_Extension;
				INFOPLIST_FILE = "Remind Me Why WatchKit App/Info.plist";
				IPHONEOS_DEPLOYMENT_TARGET = 8.2;
				PRODUCT_NAME = "$(TARGET_NAME)";
				SKIP_INSTALL = YES;
				TARGETED_DEVICE_FAMILY = 4;
				"TARGETED_DEVICE_FAMILY[sdk=iphonesimulator*]" = "1,4";
			};
			name = Debug;
		};
		D060215D1B39250000C383EF /* Release */ = {
			isa = XCBuildConfiguration;
			buildSettings = {
				ASSETCATALOG_COMPILER_APPICON_NAME = AppIcon;
				DEBUG_INFORMATION_FORMAT = "dwarf-with-dsym";
				GCC_NO_COMMON_BLOCKS = YES;
				IBSC_MODULE = Remind_Me_Why_WatchKit_Extension;
				INFOPLIST_FILE = "Remind Me Why WatchKit App/Info.plist";
				IPHONEOS_DEPLOYMENT_TARGET = 8.2;
				PRODUCT_NAME = "$(TARGET_NAME)";
				SKIP_INSTALL = YES;
				TARGETED_DEVICE_FAMILY = 4;
				"TARGETED_DEVICE_FAMILY[sdk=iphonesimulator*]" = "1,4";
			};
			name = Release;
		};
		D060215F1B39250000C383EF /* Debug */ = {
			isa = XCBuildConfiguration;
			buildSettings = {
				DEBUG_INFORMATION_FORMAT = "dwarf-with-dsym";
				GCC_NO_COMMON_BLOCKS = YES;
				GCC_PREPROCESSOR_DEFINITIONS = (
					"DEBUG=1",
					"$(inherited)",
				);
				INFOPLIST_FILE = "Remind Me Why WatchKit Extension/Info.plist";
				IPHONEOS_DEPLOYMENT_TARGET = 8.2;
				LD_RUNPATH_SEARCH_PATHS = "$(inherited) @executable_path/Frameworks @executable_path/../../Frameworks";
				PRODUCT_NAME = "${TARGET_NAME}";
				SKIP_INSTALL = YES;
			};
			name = Debug;
		};
		D06021601B39250000C383EF /* Release */ = {
			isa = XCBuildConfiguration;
			buildSettings = {
				DEBUG_INFORMATION_FORMAT = "dwarf-with-dsym";
				GCC_NO_COMMON_BLOCKS = YES;
				INFOPLIST_FILE = "Remind Me Why WatchKit Extension/Info.plist";
				IPHONEOS_DEPLOYMENT_TARGET = 8.2;
				LD_RUNPATH_SEARCH_PATHS = "$(inherited) @executable_path/Frameworks @executable_path/../../Frameworks";
				PRODUCT_NAME = "${TARGET_NAME}";
				SKIP_INSTALL = YES;
			};
			name = Release;
		};
		D0A689CE1AD209E10017F0A7 /* Debug */ = {
			isa = XCBuildConfiguration;
			buildSettings = {
				ALWAYS_SEARCH_USER_PATHS = NO;
				CLANG_CXX_LANGUAGE_STANDARD = "gnu++0x";
				CLANG_CXX_LIBRARY = "libc++";
				CLANG_ENABLE_MODULES = YES;
				CLANG_ENABLE_OBJC_ARC = YES;
				CLANG_WARN_BOOL_CONVERSION = YES;
				CLANG_WARN_CONSTANT_CONVERSION = YES;
				CLANG_WARN_DIRECT_OBJC_ISA_USAGE = YES_ERROR;
				CLANG_WARN_EMPTY_BODY = YES;
				CLANG_WARN_ENUM_CONVERSION = YES;
				CLANG_WARN_INT_CONVERSION = YES;
				CLANG_WARN_OBJC_ROOT_CLASS = YES_ERROR;
				CLANG_WARN_UNREACHABLE_CODE = YES;
				CLANG_WARN__DUPLICATE_METHOD_MATCH = YES;
				"CODE_SIGN_IDENTITY[sdk=iphoneos*]" = "iPhone Developer";
				COPY_PHASE_STRIP = NO;
				ENABLE_STRICT_OBJC_MSGSEND = YES;
				GCC_C_LANGUAGE_STANDARD = gnu99;
				GCC_DYNAMIC_NO_PIC = NO;
				GCC_OPTIMIZATION_LEVEL = 0;
				GCC_PREPROCESSOR_DEFINITIONS = (
					"DEBUG=1",
					"$(inherited)",
				);
				GCC_SYMBOLS_PRIVATE_EXTERN = NO;
				GCC_WARN_64_TO_32_BIT_CONVERSION = YES;
				GCC_WARN_ABOUT_RETURN_TYPE = YES_ERROR;
				GCC_WARN_UNDECLARED_SELECTOR = YES;
				GCC_WARN_UNINITIALIZED_AUTOS = YES_AGGRESSIVE;
				GCC_WARN_UNUSED_FUNCTION = YES;
				GCC_WARN_UNUSED_VARIABLE = YES;
				IPHONEOS_DEPLOYMENT_TARGET = 8.2;
				MTL_ENABLE_DEBUG_INFO = YES;
				ONLY_ACTIVE_ARCH = YES;
				SDKROOT = iphoneos;
				TARGETED_DEVICE_FAMILY = "1,2";
			};
			name = Debug;
		};
		D0A689CF1AD209E10017F0A7 /* Release */ = {
			isa = XCBuildConfiguration;
			buildSettings = {
				ALWAYS_SEARCH_USER_PATHS = NO;
				CLANG_CXX_LANGUAGE_STANDARD = "gnu++0x";
				CLANG_CXX_LIBRARY = "libc++";
				CLANG_ENABLE_MODULES = YES;
				CLANG_ENABLE_OBJC_ARC = YES;
				CLANG_WARN_BOOL_CONVERSION = YES;
				CLANG_WARN_CONSTANT_CONVERSION = YES;
				CLANG_WARN_DIRECT_OBJC_ISA_USAGE = YES_ERROR;
				CLANG_WARN_EMPTY_BODY = YES;
				CLANG_WARN_ENUM_CONVERSION = YES;
				CLANG_WARN_INT_CONVERSION = YES;
				CLANG_WARN_OBJC_ROOT_CLASS = YES_ERROR;
				CLANG_WARN_UNREACHABLE_CODE = YES;
				CLANG_WARN__DUPLICATE_METHOD_MATCH = YES;
				"CODE_SIGN_IDENTITY[sdk=iphoneos*]" = "iPhone Developer";
				COPY_PHASE_STRIP = NO;
				ENABLE_NS_ASSERTIONS = NO;
				ENABLE_STRICT_OBJC_MSGSEND = YES;
				GCC_C_LANGUAGE_STANDARD = gnu99;
				GCC_WARN_64_TO_32_BIT_CONVERSION = YES;
				GCC_WARN_ABOUT_RETURN_TYPE = YES_ERROR;
				GCC_WARN_UNDECLARED_SELECTOR = YES;
				GCC_WARN_UNINITIALIZED_AUTOS = YES_AGGRESSIVE;
				GCC_WARN_UNUSED_FUNCTION = YES;
				GCC_WARN_UNUSED_VARIABLE = YES;
				IPHONEOS_DEPLOYMENT_TARGET = 8.2;
				MTL_ENABLE_DEBUG_INFO = NO;
				SDKROOT = iphoneos;
				TARGETED_DEVICE_FAMILY = "1,2";
				VALIDATE_PRODUCT = YES;
			};
			name = Release;
		};
		D0A689D11AD209E10017F0A7 /* Debug */ = {
			isa = XCBuildConfiguration;
			buildSettings = {
				ASSETCATALOG_COMPILER_APPICON_NAME = AppIcon;
				FRAMEWORK_SEARCH_PATHS = (
					"$(inherited)",
					"$(PROJECT_DIR)/Remind",
					Me,
					Why,
					"$(PROJECT_DIR)/Remind",
					Me,
					Why,
					"/Users/Justin/Downloads/parse-library",
				);
				INFOPLIST_FILE = "Remind Me Why/Info.plist";
				IPHONEOS_DEPLOYMENT_TARGET = 8.2;
				LD_RUNPATH_SEARCH_PATHS = "$(inherited) @executable_path/Frameworks";
				LIBRARY_SEARCH_PATHS = (
					"$(inherited)",
					"$(PROJECT_DIR)/Remind",
					Me,
					Why,
				);
				PRODUCT_NAME = "$(TARGET_NAME)";
			};
			name = Debug;
		};
		D0A689D21AD209E10017F0A7 /* Release */ = {
			isa = XCBuildConfiguration;
			buildSettings = {
				ASSETCATALOG_COMPILER_APPICON_NAME = AppIcon;
				FRAMEWORK_SEARCH_PATHS = (
					"$(inherited)",
					"$(PROJECT_DIR)/Remind",
					Me,
					Why,
					"$(PROJECT_DIR)/Remind",
					Me,
					Why,
					"/Users/Justin/Downloads/parse-library",
				);
				INFOPLIST_FILE = "Remind Me Why/Info.plist";
				IPHONEOS_DEPLOYMENT_TARGET = 8.2;
				LD_RUNPATH_SEARCH_PATHS = "$(inherited) @executable_path/Frameworks";
				LIBRARY_SEARCH_PATHS = (
					"$(inherited)",
					"$(PROJECT_DIR)/Remind",
					Me,
					Why,
				);
				PRODUCT_NAME = "$(TARGET_NAME)";
			};
			name = Release;
		};
		D0A689D41AD209E10017F0A7 /* Debug */ = {
			isa = XCBuildConfiguration;
			buildSettings = {
				BUNDLE_LOADER = "$(TEST_HOST)";
				FRAMEWORK_SEARCH_PATHS = (
					"$(SDKROOT)/Developer/Library/Frameworks",
					"$(inherited)",
				);
				GCC_PREPROCESSOR_DEFINITIONS = (
					"DEBUG=1",
					"$(inherited)",
				);
				INFOPLIST_FILE = "Remind Me WhyTests/Info.plist";
				LD_RUNPATH_SEARCH_PATHS = "$(inherited) @executable_path/Frameworks @loader_path/Frameworks";
				PRODUCT_NAME = "$(TARGET_NAME)";
				TEST_HOST = "$(BUILT_PRODUCTS_DIR)/Remind Me Why.app/Remind Me Why";
			};
			name = Debug;
		};
		D0A689D51AD209E10017F0A7 /* Release */ = {
			isa = XCBuildConfiguration;
			buildSettings = {
				BUNDLE_LOADER = "$(TEST_HOST)";
				FRAMEWORK_SEARCH_PATHS = (
					"$(SDKROOT)/Developer/Library/Frameworks",
					"$(inherited)",
				);
				INFOPLIST_FILE = "Remind Me WhyTests/Info.plist";
				LD_RUNPATH_SEARCH_PATHS = "$(inherited) @executable_path/Frameworks @loader_path/Frameworks";
				PRODUCT_NAME = "$(TARGET_NAME)";
				TEST_HOST = "$(BUILT_PRODUCTS_DIR)/Remind Me Why.app/Remind Me Why";
			};
			name = Release;
		};
/* End XCBuildConfiguration section */

/* Begin XCConfigurationList section */
		D060215B1B39250000C383EF /* Build configuration list for PBXNativeTarget "Remind Me Why WatchKit App" */ = {
			isa = XCConfigurationList;
			buildConfigurations = (
				D060215C1B39250000C383EF /* Debug */,
				D060215D1B39250000C383EF /* Release */,
			);
			defaultConfigurationIsVisible = 0;
			defaultConfigurationName = Release;
		};
		D060215E1B39250000C383EF /* Build configuration list for PBXNativeTarget "Remind Me Why WatchKit Extension" */ = {
			isa = XCConfigurationList;
			buildConfigurations = (
				D060215F1B39250000C383EF /* Debug */,
				D06021601B39250000C383EF /* Release */,
			);
			defaultConfigurationIsVisible = 0;
			defaultConfigurationName = Release;
		};
		D0A689A81AD209E10017F0A7 /* Build configuration list for PBXProject "Remind Me Why" */ = {
			isa = XCConfigurationList;
			buildConfigurations = (
				D0A689CE1AD209E10017F0A7 /* Debug */,
				D0A689CF1AD209E10017F0A7 /* Release */,
			);
			defaultConfigurationIsVisible = 0;
			defaultConfigurationName = Release;
		};
		D0A689D01AD209E10017F0A7 /* Build configuration list for PBXNativeTarget "Remind Me Why" */ = {
			isa = XCConfigurationList;
			buildConfigurations = (
				D0A689D11AD209E10017F0A7 /* Debug */,
				D0A689D21AD209E10017F0A7 /* Release */,
			);
			defaultConfigurationIsVisible = 0;
			defaultConfigurationName = Release;
		};
		D0A689D31AD209E10017F0A7 /* Build configuration list for PBXNativeTarget "Remind Me WhyTests" */ = {
			isa = XCConfigurationList;
			buildConfigurations = (
				D0A689D41AD209E10017F0A7 /* Debug */,
				D0A689D51AD209E10017F0A7 /* Release */,
			);
			defaultConfigurationIsVisible = 0;
			defaultConfigurationName = Release;
		};
/* End XCConfigurationList section */
	};
	rootObject = D0A689A51AD209E10017F0A7 /* Project object */;
}
